// !$*UTF8*$!
{
	archiveVersion = 1;
	classes = {
	};
	objectVersion = 77;
	objects = {

/* Begin PBXBuildFile section */
		898FBFF92DA5691900604BEE /* WorkoutDay+CoreDataProperties.swift in Sources */ = {isa = PBXBuildFile; fileRef = 898FBFF82DA5691900604BEE /* WorkoutDay+CoreDataProperties.swift */; };
		898FBFFA2DA5691900604BEE /* WorkoutDay+CoreDataClass.swift in Sources */ = {isa = PBXBuildFile; fileRef = 898FBFF72DA5691900604BEE /* WorkoutDay+CoreDataClass.swift */; };
		898FBFFD2DA5745800604BEE /* Exercise+CoreDataClass.swift in Sources */ = {isa = PBXBuildFile; fileRef = 898FBFFB2DA5745800604BEE /* Exercise+CoreDataClass.swift */; };
		898FBFFE2DA5745800604BEE /* Exercise+CoreDataProperties.swift in Sources */ = {isa = PBXBuildFile; fileRef = 898FBFFC2DA5745800604BEE /* Exercise+CoreDataProperties.swift */; };
/* End PBXBuildFile section */

/* Begin PBXContainerItemProxy section */
		89EDCC952DA3CB3000D261B1 /* PBXContainerItemProxy */ = {
			isa = PBXContainerItemProxy;
			containerPortal = 89EDCC792DA3CB2F00D261B1 /* Project object */;
			proxyType = 1;
			remoteGlobalIDString = 89EDCC802DA3CB2F00D261B1;
			remoteInfo = IronTrack;
		};
		89EDCC9F2DA3CB3000D261B1 /* PBXContainerItemProxy */ = {
			isa = PBXContainerItemProxy;
			containerPortal = 89EDCC792DA3CB2F00D261B1 /* Project object */;
			proxyType = 1;
			remoteGlobalIDString = 89EDCC802DA3CB2F00D261B1;
			remoteInfo = IronTrack;
		};
/* End PBXContainerItemProxy section */

/* Begin PBXFileReference section */
		898FBFF72DA5691900604BEE /* WorkoutDay+CoreDataClass.swift */ = {isa = PBXFileReference; lastKnownFileType = sourcecode.swift; path = "WorkoutDay+CoreDataClass.swift"; sourceTree = "<group>"; };
		898FBFF82DA5691900604BEE /* WorkoutDay+CoreDataProperties.swift */ = {isa = PBXFileReference; lastKnownFileType = sourcecode.swift; path = "WorkoutDay+CoreDataProperties.swift"; sourceTree = "<group>"; };
		898FBFFB2DA5745800604BEE /* Exercise+CoreDataClass.swift */ = {isa = PBXFileReference; lastKnownFileType = sourcecode.swift; path = "Exercise+CoreDataClass.swift"; sourceTree = "<group>"; };
		898FBFFC2DA5745800604BEE /* Exercise+CoreDataProperties.swift */ = {isa = PBXFileReference; lastKnownFileType = sourcecode.swift; path = "Exercise+CoreDataProperties.swift"; sourceTree = "<group>"; };
		89EDCC812DA3CB2F00D261B1 /* IronTrack.app */ = {isa = PBXFileReference; explicitFileType = wrapper.application; includeInIndex = 0; path = IronTrack.app; sourceTree = BUILT_PRODUCTS_DIR; };
		89EDCC942DA3CB3000D261B1 /* IronTrackTests.xctest */ = {isa = PBXFileReference; explicitFileType = wrapper.cfbundle; includeInIndex = 0; path = IronTrackTests.xctest; sourceTree = BUILT_PRODUCTS_DIR; };
		89EDCC9E2DA3CB3000D261B1 /* IronTrackUITests.xctest */ = {isa = PBXFileReference; explicitFileType = wrapper.cfbundle; includeInIndex = 0; path = IronTrackUITests.xctest; sourceTree = BUILT_PRODUCTS_DIR; };
/* End PBXFileReference section */

/* Begin PBXFileSystemSynchronizedRootGroup section */
		89EDCC832DA3CB2F00D261B1 /* IronTrack */ = {
			isa = PBXFileSystemSynchronizedRootGroup;
			path = IronTrack;
			sourceTree = "<group>";
		};
		89EDCC972DA3CB3000D261B1 /* IronTrackTests */ = {
			isa = PBXFileSystemSynchronizedRootGroup;
			path = IronTrackTests;
			sourceTree = "<group>";
		};
		89EDCCA12DA3CB3000D261B1 /* IronTrackUITests */ = {
			isa = PBXFileSystemSynchronizedRootGroup;
			path = IronTrackUITests;
			sourceTree = "<group>";
		};
/* End PBXFileSystemSynchronizedRootGroup section */

/* Begin PBXFrameworksBuildPhase section */
		89EDCC7E2DA3CB2F00D261B1 /* Frameworks */ = {
			isa = PBXFrameworksBuildPhase;
			buildActionMask = 2147483647;
			files = (
			);
			runOnlyForDeploymentPostprocessing = 0;
		};
		89EDCC912DA3CB3000D261B1 /* Frameworks */ = {
			isa = PBXFrameworksBuildPhase;
			buildActionMask = 2147483647;
			files = (
			);
			runOnlyForDeploymentPostprocessing = 0;
		};
		89EDCC9B2DA3CB3000D261B1 /* Frameworks */ = {
			isa = PBXFrameworksBuildPhase;
			buildActionMask = 2147483647;
			files = (
			);
			runOnlyForDeploymentPostprocessing = 0;
		};
/* End PBXFrameworksBuildPhase section */

/* Begin PBXGroup section */
		89EDCC782DA3CB2F00D261B1 = {
			isa = PBXGroup;
			children = (
				898FBFFB2DA5745800604BEE /* Exercise+CoreDataClass.swift */,
				898FBFFC2DA5745800604BEE /* Exercise+CoreDataProperties.swift */,
				898FBFF72DA5691900604BEE /* WorkoutDay+CoreDataClass.swift */,
				898FBFF82DA5691900604BEE /* WorkoutDay+CoreDataProperties.swift */,
				89EDCC832DA3CB2F00D261B1 /* IronTrack */,
				89EDCC972DA3CB3000D261B1 /* IronTrackTests */,
				89EDCCA12DA3CB3000D261B1 /* IronTrackUITests */,
				89EDCC822DA3CB2F00D261B1 /* Products */,
			);
			sourceTree = "<group>";
		};
		89EDCC822DA3CB2F00D261B1 /* Products */ = {
			isa = PBXGroup;
			children = (
				89EDCC812DA3CB2F00D261B1 /* IronTrack.app */,
				89EDCC942DA3CB3000D261B1 /* IronTrackTests.xctest */,
				89EDCC9E2DA3CB3000D261B1 /* IronTrackUITests.xctest */,
			);
			name = Products;
			sourceTree = "<group>";
		};
/* End PBXGroup section */

/* Begin PBXNativeTarget section */
		89EDCC802DA3CB2F00D261B1 /* IronTrack */ = {
			isa = PBXNativeTarget;
			buildConfigurationList = 89EDCCA82DA3CB3000D261B1 /* Build configuration list for PBXNativeTarget "IronTrack" */;
			buildPhases = (
				89EDCC7D2DA3CB2F00D261B1 /* Sources */,
				89EDCC7E2DA3CB2F00D261B1 /* Frameworks */,
				89EDCC7F2DA3CB2F00D261B1 /* Resources */,
			);
			buildRules = (
			);
			dependencies = (
			);
			fileSystemSynchronizedGroups = (
				89EDCC832DA3CB2F00D261B1 /* IronTrack */,
			);
			name = IronTrack;
			packageProductDependencies = (
			);
			productName = IronTrack;
			productReference = 89EDCC812DA3CB2F00D261B1 /* IronTrack.app */;
			productType = "com.apple.product-type.application";
		};
		89EDCC932DA3CB3000D261B1 /* IronTrackTests */ = {
			isa = PBXNativeTarget;
			buildConfigurationList = 89EDCCAB2DA3CB3000D261B1 /* Build configuration list for PBXNativeTarget "IronTrackTests" */;
			buildPhases = (
				89EDCC902DA3CB3000D261B1 /* Sources */,
				89EDCC912DA3CB3000D261B1 /* Frameworks */,
				89EDCC922DA3CB3000D261B1 /* Resources */,
			);
			buildRules = (
			);
			dependencies = (
				89EDCC962DA3CB3000D261B1 /* PBXTargetDependency */,
			);
			fileSystemSynchronizedGroups = (
				89EDCC972DA3CB3000D261B1 /* IronTrackTests */,
			);
			name = IronTrackTests;
			packageProductDependencies = (
			);
			productName = IronTrackTests;
			productReference = 89EDCC942DA3CB3000D261B1 /* IronTrackTests.xctest */;
			productType = "com.apple.product-type.bundle.unit-test";
		};
		89EDCC9D2DA3CB3000D261B1 /* IronTrackUITests */ = {
			isa = PBXNativeTarget;
			buildConfigurationList = 89EDCCAE2DA3CB3000D261B1 /* Build configuration list for PBXNativeTarget "IronTrackUITests" */;
			buildPhases = (
				89EDCC9A2DA3CB3000D261B1 /* Sources */,
				89EDCC9B2DA3CB3000D261B1 /* Frameworks */,
				89EDCC9C2DA3CB3000D261B1 /* Resources */,
			);
			buildRules = (
			);
			dependencies = (
				89EDCCA02DA3CB3000D261B1 /* PBXTargetDependency */,
			);
			fileSystemSynchronizedGroups = (
				89EDCCA12DA3CB3000D261B1 /* IronTrackUITests */,
			);
			name = IronTrackUITests;
			packageProductDependencies = (
			);
			productName = IronTrackUITests;
			productReference = 89EDCC9E2DA3CB3000D261B1 /* IronTrackUITests.xctest */;
			productType = "com.apple.product-type.bundle.ui-testing";
		};
/* End PBXNativeTarget section */

/* Begin PBXProject section */
		89EDCC792DA3CB2F00D261B1 /* Project object */ = {
			isa = PBXProject;
			attributes = {
				BuildIndependentTargetsInParallel = 1;
				LastSwiftUpdateCheck = 1630;
				LastUpgradeCheck = 1630;
				TargetAttributes = {
					89EDCC802DA3CB2F00D261B1 = {
						CreatedOnToolsVersion = 16.3;
					};
					89EDCC932DA3CB3000D261B1 = {
						CreatedOnToolsVersion = 16.3;
						TestTargetID = 89EDCC802DA3CB2F00D261B1;
					};
					89EDCC9D2DA3CB3000D261B1 = {
						CreatedOnToolsVersion = 16.3;
						TestTargetID = 89EDCC802DA3CB2F00D261B1;
					};
				};
			};
			buildConfigurationList = 89EDCC7C2DA3CB2F00D261B1 /* Build configuration list for PBXProject "IronTrack" */;
			developmentRegion = en;
			hasScannedForEncodings = 0;
			knownRegions = (
				en,
				Base,
			);
			mainGroup = 89EDCC782DA3CB2F00D261B1;
			minimizedProjectReferenceProxies = 1;
			preferredProjectObjectVersion = 77;
			productRefGroup = 89EDCC822DA3CB2F00D261B1 /* Products */;
			projectDirPath = "";
			projectRoot = "";
			targets = (
				89EDCC802DA3CB2F00D261B1 /* IronTrack */,
				89EDCC932DA3CB3000D261B1 /* IronTrackTests */,
				89EDCC9D2DA3CB3000D261B1 /* IronTrackUITests */,
			);
		};
/* End PBXProject section */

/* Begin PBXResourcesBuildPhase section */
		89EDCC7F2DA3CB2F00D261B1 /* Resources */ = {
			isa = PBXResourcesBuildPhase;
			buildActionMask = 2147483647;
			files = (
			);
			runOnlyForDeploymentPostprocessing = 0;
		};
		89EDCC922DA3CB3000D261B1 /* Resources */ = {
			isa = PBXResourcesBuildPhase;
			buildActionMask = 2147483647;
			files = (
			);
			runOnlyForDeploymentPostprocessing = 0;
		};
		89EDCC9C2DA3CB3000D261B1 /* Resources */ = {
			isa = PBXResourcesBuildPhase;
			buildActionMask = 2147483647;
			files = (
			);
			runOnlyForDeploymentPostprocessing = 0;
		};
/* End PBXResourcesBuildPhase section */

/* Begin PBXSourcesBuildPhase section */
		89EDCC7D2DA3CB2F00D261B1 /* Sources */ = {
			isa = PBXSourcesBuildPhase;
			buildActionMask = 2147483647;
			files = (
				898FBFFD2DA5745800604BEE /* Exercise+CoreDataClass.swift in Sources */,
				898FBFFE2DA5745800604BEE /* Exercise+CoreDataProperties.swift in Sources */,
				898FBFF92DA5691900604BEE /* WorkoutDay+CoreDataProperties.swift in Sources */,
				898FBFFA2DA5691900604BEE /* WorkoutDay+CoreDataClass.swift in Sources */,
			);
			runOnlyForDeploymentPostprocessing = 0;
		};
		89EDCC902DA3CB3000D261B1 /* Sources */ = {
			isa = PBXSourcesBuildPhase;
			buildActionMask = 2147483647;
			files = (
			);
			runOnlyForDeploymentPostprocessing = 0;
		};
		89EDCC9A2DA3CB3000D261B1 /* Sources */ = {
			isa = PBXSourcesBuildPhase;
			buildActionMask = 2147483647;
			files = (
			);
			runOnlyForDeploymentPostprocessing = 0;
		};
/* End PBXSourcesBuildPhase section */

/* Begin PBXTargetDependency section */
		89EDCC962DA3CB3000D261B1 /* PBXTargetDependency */ = {
			isa = PBXTargetDependency;
			target = 89EDCC802DA3CB2F00D261B1 /* IronTrack */;
			targetProxy = 89EDCC952DA3CB3000D261B1 /* PBXContainerItemProxy */;
		};
		89EDCCA02DA3CB3000D261B1 /* PBXTargetDependency */ = {
			isa = PBXTargetDependency;
			target = 89EDCC802DA3CB2F00D261B1 /* IronTrack */;
			targetProxy = 89EDCC9F2DA3CB3000D261B1 /* PBXContainerItemProxy */;
		};
/* End PBXTargetDependency section */

/* Begin XCBuildConfiguration section */
		89EDCCA62DA3CB3000D261B1 /* Debug */ = {
			isa = XCBuildConfiguration;
			buildSettings = {
				ALWAYS_SEARCH_USER_PATHS = NO;
				ASSETCATALOG_COMPILER_GENERATE_SWIFT_ASSET_SYMBOL_EXTENSIONS = YES;
				CLANG_ANALYZER_NONNULL = YES;
				CLANG_ANALYZER_NUMBER_OBJECT_CONVERSION = YES_AGGRESSIVE;
				CLANG_CXX_LANGUAGE_STANDARD = "gnu++20";
				CLANG_ENABLE_MODULES = YES;
				CLANG_ENABLE_OBJC_ARC = YES;
				CLANG_ENABLE_OBJC_WEAK = YES;
				CLANG_WARN_BLOCK_CAPTURE_AUTORELEASING = YES;
				CLANG_WARN_BOOL_CONVERSION = YES;
				CLANG_WARN_COMMA = YES;
				CLANG_WARN_CONSTANT_CONVERSION = YES;
				CLANG_WARN_DEPRECATED_OBJC_IMPLEMENTATIONS = YES;
				CLANG_WARN_DIRECT_OBJC_ISA_USAGE = YES_ERROR;
				CLANG_WARN_DOCUMENTATION_COMMENTS = YES;
				CLANG_WARN_EMPTY_BODY = YES;
				CLANG_WARN_ENUM_CONVERSION = YES;
				CLANG_WARN_INFINITE_RECURSION = YES;
				CLANG_WARN_INT_CONVERSION = YES;
				CLANG_WARN_NON_LITERAL_NULL_CONVERSION = YES;
				CLANG_WARN_OBJC_IMPLICIT_RETAIN_SELF = YES;
				CLANG_WARN_OBJC_LITERAL_CONVERSION = YES;
				CLANG_WARN_OBJC_ROOT_CLASS = YES_ERROR;
				CLANG_WARN_QUOTED_INCLUDE_IN_FRAMEWORK_HEADER = YES;
				CLANG_WARN_RANGE_LOOP_ANALYSIS = YES;
				CLANG_WARN_STRICT_PROTOTYPES = YES;
				CLANG_WARN_SUSPICIOUS_MOVE = YES;
				CLANG_WARN_UNGUARDED_AVAILABILITY = YES_AGGRESSIVE;
				CLANG_WARN_UNREACHABLE_CODE = YES;
				CLANG_WARN__DUPLICATE_METHOD_MATCH = YES;
				COPY_PHASE_STRIP = NO;
				DEBUG_INFORMATION_FORMAT = dwarf;
				DEVELOPMENT_TEAM = 6MQ98B62NT;
				ENABLE_STRICT_OBJC_MSGSEND = YES;
				ENABLE_TESTABILITY = YES;
				ENABLE_USER_SCRIPT_SANDBOXING = YES;
				GCC_C_LANGUAGE_STANDARD = gnu17;
				GCC_DYNAMIC_NO_PIC = NO;
				GCC_NO_COMMON_BLOCKS = YES;
				GCC_OPTIMIZATION_LEVEL = 0;
				GCC_PREPROCESSOR_DEFINITIONS = (
					"DEBUG=1",
					"$(inherited)",
				);
				GCC_WARN_64_TO_32_BIT_CONVERSION = YES;
				GCC_WARN_ABOUT_RETURN_TYPE = YES_ERROR;
				GCC_WARN_UNDECLARED_SELECTOR = YES;
				GCC_WARN_UNINITIALIZED_AUTOS = YES_AGGRESSIVE;
				GCC_WARN_UNUSED_FUNCTION = YES;
				GCC_WARN_UNUSED_VARIABLE = YES;
				LOCALIZATION_PREFERS_STRING_CATALOGS = YES;
				MTL_ENABLE_DEBUG_INFO = INCLUDE_SOURCE;
				MTL_FAST_MATH = YES;
				ONLY_ACTIVE_ARCH = YES;
				SWIFT_ACTIVE_COMPILATION_CONDITIONS = "DEBUG $(inherited)";
				SWIFT_OPTIMIZATION_LEVEL = "-Onone";
			};
			name = Debug;
		};
		89EDCCA72DA3CB3000D261B1 /* Release */ = {
			isa = XCBuildConfiguration;
			buildSettings = {
				ALWAYS_SEARCH_USER_PATHS = NO;
				ASSETCATALOG_COMPILER_GENERATE_SWIFT_ASSET_SYMBOL_EXTENSIONS = YES;
				CLANG_ANALYZER_NONNULL = YES;
				CLANG_ANALYZER_NUMBER_OBJECT_CONVERSION = YES_AGGRESSIVE;
				CLANG_CXX_LANGUAGE_STANDARD = "gnu++20";
				CLANG_ENABLE_MODULES = YES;
				CLANG_ENABLE_OBJC_ARC = YES;
				CLANG_ENABLE_OBJC_WEAK = YES;
				CLANG_WARN_BLOCK_CAPTURE_AUTORELEASING = YES;
				CLANG_WARN_BOOL_CONVERSION = YES;
				CLANG_WARN_COMMA = YES;
				CLANG_WARN_CONSTANT_CONVERSION = YES;
				CLANG_WARN_DEPRECATED_OBJC_IMPLEMENTATIONS = YES;
				CLANG_WARN_DIRECT_OBJC_ISA_USAGE = YES_ERROR;
				CLANG_WARN_DOCUMENTATION_COMMENTS = YES;
				CLANG_WARN_EMPTY_BODY = YES;
				CLANG_WARN_ENUM_CONVERSION = YES;
				CLANG_WARN_INFINITE_RECURSION = YES;
				CLANG_WARN_INT_CONVERSION = YES;
				CLANG_WARN_NON_LITERAL_NULL_CONVERSION = YES;
				CLANG_WARN_OBJC_IMPLICIT_RETAIN_SELF = YES;
				CLANG_WARN_OBJC_LITERAL_CONVERSION = YES;
				CLANG_WARN_OBJC_ROOT_CLASS = YES_ERROR;
				CLANG_WARN_QUOTED_INCLUDE_IN_FRAMEWORK_HEADER = YES;
				CLANG_WARN_RANGE_LOOP_ANALYSIS = YES;
				CLANG_WARN_STRICT_PROTOTYPES = YES;
				CLANG_WARN_SUSPICIOUS_MOVE = YES;
				CLANG_WARN_UNGUARDED_AVAILABILITY = YES_AGGRESSIVE;
				CLANG_WARN_UNREACHABLE_CODE = YES;
				CLANG_WARN__DUPLICATE_METHOD_MATCH = YES;
				COPY_PHASE_STRIP = NO;
				DEBUG_INFORMATION_FORMAT = "dwarf-with-dsym";
				DEVELOPMENT_TEAM = 6MQ98B62NT;
				ENABLE_NS_ASSERTIONS = NO;
				ENABLE_STRICT_OBJC_MSGSEND = YES;
				ENABLE_USER_SCRIPT_SANDBOXING = YES;
				GCC_C_LANGUAGE_STANDARD = gnu17;
				GCC_NO_COMMON_BLOCKS = YES;
				GCC_WARN_64_TO_32_BIT_CONVERSION = YES;
				GCC_WARN_ABOUT_RETURN_TYPE = YES_ERROR;
				GCC_WARN_UNDECLARED_SELECTOR = YES;
				GCC_WARN_UNINITIALIZED_AUTOS = YES_AGGRESSIVE;
				GCC_WARN_UNUSED_FUNCTION = YES;
				GCC_WARN_UNUSED_VARIABLE = YES;
				LOCALIZATION_PREFERS_STRING_CATALOGS = YES;
				MTL_ENABLE_DEBUG_INFO = NO;
				MTL_FAST_MATH = YES;
				SWIFT_COMPILATION_MODE = wholemodule;
			};
			name = Release;
		};
		89EDCCA92DA3CB3000D261B1 /* Debug */ = {
			isa = XCBuildConfiguration;
			buildSettings = {
				ASSETCATALOG_COMPILER_APPICON_NAME = AppIcon;
				ASSETCATALOG_COMPILER_GLOBAL_ACCENT_COLOR_NAME = AccentColor;
				CODE_SIGN_ENTITLEMENTS = IronTrack/IronTrack.entitlements;
				CODE_SIGN_STYLE = Automatic;
				CURRENT_PROJECT_VERSION = 1;
				DEVELOPMENT_TEAM = 6MQ98B62NT;
				ENABLE_HARDENED_RUNTIME = YES;
				ENABLE_PREVIEWS = YES;
				GENERATE_INFOPLIST_FILE = YES;
				"INFOPLIST_KEY_UIApplicationSceneManifest_Generation[sdk=iphoneos*]" = YES;
				"INFOPLIST_KEY_UIApplicationSceneManifest_Generation[sdk=iphonesimulator*]" = YES;
				"INFOPLIST_KEY_UIApplicationSupportsIndirectInputEvents[sdk=iphoneos*]" = YES;
				"INFOPLIST_KEY_UIApplicationSupportsIndirectInputEvents[sdk=iphonesimulator*]" = YES;
				"INFOPLIST_KEY_UILaunchScreen_Generation[sdk=iphoneos*]" = YES;
				"INFOPLIST_KEY_UILaunchScreen_Generation[sdk=iphonesimulator*]" = YES;
				"INFOPLIST_KEY_UIStatusBarStyle[sdk=iphoneos*]" = UIStatusBarStyleDefault;
				"INFOPLIST_KEY_UIStatusBarStyle[sdk=iphonesimulator*]" = UIStatusBarStyleDefault;
				INFOPLIST_KEY_UISupportedInterfaceOrientations_iPad = "UIInterfaceOrientationPortrait UIInterfaceOrientationPortraitUpsideDown UIInterfaceOrientationLandscapeLeft UIInterfaceOrientationLandscapeRight";
				INFOPLIST_KEY_UISupportedInterfaceOrientations_iPhone = "UIInterfaceOrientationPortrait UIInterfaceOrientationLandscapeLeft UIInterfaceOrientationLandscapeRight";
				IPHONEOS_DEPLOYMENT_TARGET = 18.4;
				LD_RUNPATH_SEARCH_PATHS = "@executable_path/Frameworks";
				"LD_RUNPATH_SEARCH_PATHS[sdk=macosx*]" = "@executable_path/../Frameworks";
				MACOSX_DEPLOYMENT_TARGET = 15.3;
				MARKETING_VERSION = 1.0;
				PRODUCT_BUNDLE_IDENTIFIER = com.JakubMarcinkowski.IronTrack.IronTrack;
				PRODUCT_NAME = "$(TARGET_NAME)";
				REGISTER_APP_GROUPS = YES;
				SDKROOT = auto;
				SUPPORTED_PLATFORMS = "iphoneos iphonesimulator macosx xros xrsimulator";
				SWIFT_EMIT_LOC_STRINGS = YES;
				SWIFT_VERSION = 5.0;
				TARGETED_DEVICE_FAMILY = "1,2,7";
				XROS_DEPLOYMENT_TARGET = 2.4;
			};
			name = Debug;
		};
		89EDCCAA2DA3CB3000D261B1 /* Release */ = {
			isa = XCBuildConfiguration;
			buildSettings = {
				ASSETCATALOG_COMPILER_APPICON_NAME = AppIcon;
				ASSETCATALOG_COMPILER_GLOBAL_ACCENT_COLOR_NAME = AccentColor;
				CODE_SIGN_ENTITLEMENTS = IronTrack/IronTrack.entitlements;
				CODE_SIGN_STYLE = Automatic;
				CURRENT_PROJECT_VERSION = 1;
				DEVELOPMENT_TEAM = 6MQ98B62NT;
				ENABLE_HARDENED_RUNTIME = YES;
				ENABLE_PREVIEWS = YES;
				GENERATE_INFOPLIST_FILE = YES;
				"INFOPLIST_KEY_UIApplicationSceneManifest_Generation[sdk=iphoneos*]" = YES;
				"INFOPLIST_KEY_UIApplicationSceneManifest_Generation[sdk=iphonesimulator*]" = YES;
				"INFOPLIST_KEY_UIApplicationSupportsIndirectInputEvents[sdk=iphoneos*]" = YES;
				"INFOPLIST_KEY_UIApplicationSupportsIndirectInputEvents[sdk=iphonesimulator*]" = YES;
				"INFOPLIST_KEY_UILaunchScreen_Generation[sdk=iphoneos*]" = YES;
				"INFOPLIST_KEY_UILaunchScreen_Generation[sdk=iphonesimulator*]" = YES;
				"INFOPLIST_KEY_UIStatusBarStyle[sdk=iphoneos*]" = UIStatusBarStyleDefault;
				"INFOPLIST_KEY_UIStatusBarStyle[sdk=iphonesimulator*]" = UIStatusBarStyleDefault;
				INFOPLIST_KEY_UISupportedInterfaceOrientations_iPad = "UIInterfaceOrientationPortrait UIInterfaceOrientationPortraitUpsideDown UIInterfaceOrientationLandscapeLeft UIInterfaceOrientationLandscapeRight";
				INFOPLIST_KEY_UISupportedInterfaceOrientations_iPhone = "UIInterfaceOrientationPortrait UIInterfaceOrientationLandscapeLeft UIInterfaceOrientationLandscapeRight";
				IPHONEOS_DEPLOYMENT_TARGET = 18.4;
				LD_RUNPATH_SEARCH_PATHS = "@executable_path/Frameworks";
				"LD_RUNPATH_SEARCH_PATHS[sdk=macosx*]" = "@executable_path/../Frameworks";
				MACOSX_DEPLOYMENT_TARGET = 15.3;
				MARKETING_VERSION = 1.0;
				PRODUCT_BUNDLE_IDENTIFIER = com.JakubMarcinkowski.IronTrack.IronTrack;
				PRODUCT_NAME = "$(TARGET_NAME)";
				REGISTER_APP_GROUPS = YES;
				SDKROOT = auto;
				SUPPORTED_PLATFORMS = "iphoneos iphonesimulator macosx xros xrsimulator";
				SWIFT_EMIT_LOC_STRINGS = YES;
				SWIFT_VERSION = 5.0;
				TARGETED_DEVICE_FAMILY = "1,2,7";
				XROS_DEPLOYMENT_TARGET = 2.4;
			};
			name = Release;
		};
		89EDCCAC2DA3CB3000D261B1 /* Debug */ = {
			isa = XCBuildConfiguration;
			buildSettings = {
				BUNDLE_LOADER = "$(TEST_HOST)";
				CODE_SIGN_STYLE = Automatic;
				CURRENT_PROJECT_VERSION = 1;
				DEVELOPMENT_TEAM = 6MQ98B62NT;
				GENERATE_INFOPLIST_FILE = YES;
				IPHONEOS_DEPLOYMENT_TARGET = 18.4;
				MACOSX_DEPLOYMENT_TARGET = 15.3;
				MARKETING_VERSION = 1.0;
				PRODUCT_BUNDLE_IDENTIFIER = com.JakubMarcinkowski.IronTrack.IronTrackTests;
				PRODUCT_NAME = "$(TARGET_NAME)";
				SDKROOT = auto;
				SUPPORTED_PLATFORMS = "iphoneos iphonesimulator macosx xros xrsimulator";
				SWIFT_EMIT_LOC_STRINGS = NO;
				SWIFT_VERSION = 5.0;
				TARGETED_DEVICE_FAMILY = "1,2,7";
				TEST_HOST = "$(BUILT_PRODUCTS_DIR)/IronTrack.app/$(BUNDLE_EXECUTABLE_FOLDER_PATH)/IronTrack";
				XROS_DEPLOYMENT_TARGET = 2.4;
			};
			name = Debug;
		};
		89EDCCAD2DA3CB3000D261B1 /* Release */ = {
			isa = XCBuildConfiguration;
			buildSettings = {
				BUNDLE_LOADER = "$(TEST_HOST)";
				CODE_SIGN_STYLE = Automatic;
				CURRENT_PROJECT_VERSION = 1;
				DEVELOPMENT_TEAM = 6MQ98B62NT;
				GENERATE_INFOPLIST_FILE = YES;
				IPHONEOS_DEPLOYMENT_TARGET = 18.4;
				MACOSX_DEPLOYMENT_TARGET = 15.3;
				MARKETING_VERSION = 1.0;
				PRODUCT_BUNDLE_IDENTIFIER = com.JakubMarcinkowski.IronTrack.IronTrackTests;
				PRODUCT_NAME = "$(TARGET_NAME)";
				SDKROOT = auto;
				SUPPORTED_PLATFORMS = "iphoneos iphonesimulator macosx xros xrsimulator";
				SWIFT_EMIT_LOC_STRINGS = NO;
				SWIFT_VERSION = 5.0;
				TARGETED_DEVICE_FAMILY = "1,2,7";
				TEST_HOST = "$(BUILT_PRODUCTS_DIR)/IronTrack.app/$(BUNDLE_EXECUTABLE_FOLDER_PATH)/IronTrack";
				XROS_DEPLOYMENT_TARGET = 2.4;
			};
			name = Release;
		};
		89EDCCAF2DA3CB3000D261B1 /* Debug */ = {
			isa = XCBuildConfiguration;
			buildSettings = {
				CODE_SIGN_STYLE = Automatic;
				CURRENT_PROJECT_VERSION = 1;
				DEVELOPMENT_TEAM = 6MQ98B62NT;
				GENERATE_INFOPLIST_FILE = YES;
				IPHONEOS_DEPLOYMENT_TARGET = 18.4;
				MACOSX_DEPLOYMENT_TARGET = 15.3;
				MARKETING_VERSION = 1.0;
				PRODUCT_BUNDLE_IDENTIFIER = com.JakubMarcinkowski.IronTrack.IronTrackUITests;
				PRODUCT_NAME = "$(TARGET_NAME)";
				SDKROOT = auto;
				SUPPORTED_PLATFORMS = "iphoneos iphonesimulator macosx xros xrsimulator";
				SWIFT_EMIT_LOC_STRINGS = NO;
				SWIFT_VERSION = 5.0;
				TARGETED_DEVICE_FAMILY = "1,2,7";
				TEST_TARGET_NAME = IronTrack;
				XROS_DEPLOYMENT_TARGET = 2.4;
			};
			name = Debug;
		};
		89EDCCB02DA3CB3000D261B1 /* Release */ = {
			isa = XCBuildConfiguration;
			buildSettings = {
				CODE_SIGN_STYLE = Automatic;
				CURRENT_PROJECT_VERSION = 1;
				DEVELOPMENT_TEAM = 6MQ98B62NT;
				GENERATE_INFOPLIST_FILE = YES;
				IPHONEOS_DEPLOYMENT_TARGET = 18.4;
				MACOSX_DEPLOYMENT_TARGET = 15.3;
				MARKETING_VERSION = 1.0;
				PRODUCT_BUNDLE_IDENTIFIER = com.JakubMarcinkowski.IronTrack.IronTrackUITests;
				PRODUCT_NAME = "$(TARGET_NAME)";
				SDKROOT = auto;
				SUPPORTED_PLATFORMS = "iphoneos iphonesimulator macosx xros xrsimulator";
				SWIFT_EMIT_LOC_STRINGS = NO;
				SWIFT_VERSION = 5.0;
				TARGETED_DEVICE_FAMILY = "1,2,7";
				TEST_TARGET_NAME = IronTrack;
				XROS_DEPLOYMENT_TARGET = 2.4;
			};
			name = Release;
		};
/* End XCBuildConfiguration section */

/* Begin XCConfigurationList section */
		89EDCC7C2DA3CB2F00D261B1 /* Build configuration list for PBXProject "IronTrack" */ = {
			isa = XCConfigurationList;
			buildConfigurations = (
				89EDCCA62DA3CB3000D261B1 /* Debug */,
				89EDCCA72DA3CB3000D261B1 /* Release */,
			);
			defaultConfigurationIsVisible = 0;
			defaultConfigurationName = Release;
		};
		89EDCCA82DA3CB3000D261B1 /* Build configuration list for PBXNativeTarget "IronTrack" */ = {
			isa = XCConfigurationList;
			buildConfigurations = (
				89EDCCA92DA3CB3000D261B1 /* Debug */,
				89EDCCAA2DA3CB3000D261B1 /* Release */,
			);
			defaultConfigurationIsVisible = 0;
			defaultConfigurationName = Release;
		};
		89EDCCAB2DA3CB3000D261B1 /* Build configuration list for PBXNativeTarget "IronTrackTests" */ = {
			isa = XCConfigurationList;
			buildConfigurations = (
				89EDCCAC2DA3CB3000D261B1 /* Debug */,
				89EDCCAD2DA3CB3000D261B1 /* Release */,
			);
			defaultConfigurationIsVisible = 0;
			defaultConfigurationName = Release;
		};
		89EDCCAE2DA3CB3000D261B1 /* Build configuration list for PBXNativeTarget "IronTrackUITests" */ = {
			isa = XCConfigurationList;
			buildConfigurations = (
				89EDCCAF2DA3CB3000D261B1 /* Debug */,
				89EDCCB02DA3CB3000D261B1 /* Release */,
			);
			defaultConfigurationIsVisible = 0;
			defaultConfigurationName = Release;
		};
/* End XCConfigurationList section */
	};
	rootObject = 89EDCC792DA3CB2F00D261B1 /* Project object */;
}
